// !$*UTF8*$!
{
	archiveVersion = 1;
	classes = {
	};
	objectVersion = 48;
	objects = {

/* Begin PBXBuildFile section */
		315DF35C9C4A3F35E3A8962E /* Pods_SurroundSound.framework in Frameworks */ = {isa = PBXBuildFile; fileRef = 891E772FABFCC8F42176767D /* Pods_SurroundSound.framework */; };
		46314EB41FB7797400818858 /* AppDelegate.swift in Sources */ = {isa = PBXBuildFile; fileRef = 46314EB31FB7797400818858 /* AppDelegate.swift */; };
		46314EB91FB7797500818858 /* Main.storyboard in Resources */ = {isa = PBXBuildFile; fileRef = 46314EB71FB7797500818858 /* Main.storyboard */; };
		46314EBB1FB7797500818858 /* Assets.xcassets in Resources */ = {isa = PBXBuildFile; fileRef = 46314EBA1FB7797500818858 /* Assets.xcassets */; };
		46314EBE1FB7797500818858 /* LaunchScreen.storyboard in Resources */ = {isa = PBXBuildFile; fileRef = 46314EBC1FB7797500818858 /* LaunchScreen.storyboard */; };
		46314ECA1FB787F300818858 /* AudioPlayerController.swift in Sources */ = {isa = PBXBuildFile; fileRef = 46314EC91FB787F300818858 /* AudioPlayerController.swift */; };
		46314ECC1FB7ADA900818858 /* AudioLibraryController.swift in Sources */ = {isa = PBXBuildFile; fileRef = 46314ECB1FB7ADA900818858 /* AudioLibraryController.swift */; };
		46314ECF1FB7AF8D00818858 /* UITableView+Extension.swift in Sources */ = {isa = PBXBuildFile; fileRef = 46314ECE1FB7AF8D00818858 /* UITableView+Extension.swift */; };
		46314ED11FB7AFAC00818858 /* NSObject+Extension.swift in Sources */ = {isa = PBXBuildFile; fileRef = 46314ED01FB7AFAC00818858 /* NSObject+Extension.swift */; };
		46314ED61FB7B0B800818858 /* AudioListCell.swift in Sources */ = {isa = PBXBuildFile; fileRef = 46314ED41FB7B0B800818858 /* AudioListCell.swift */; };
		46314ED71FB7B0B800818858 /* AudioListCell.xib in Resources */ = {isa = PBXBuildFile; fileRef = 46314ED51FB7B0B800818858 /* AudioListCell.xib */; };
		46314ED91FB7B94000818858 /* AudioListController.swift in Sources */ = {isa = PBXBuildFile; fileRef = 46314ED81FB7B94000818858 /* AudioListController.swift */; };
		46314EDB1FB7E85F00818858 /* AudioListNavigationController.swift in Sources */ = {isa = PBXBuildFile; fileRef = 46314EDA1FB7E85F00818858 /* AudioListNavigationController.swift */; };
		46314EDD1FB8176700818858 /* AudioPlayerNavigationController.swift in Sources */ = {isa = PBXBuildFile; fileRef = 46314EDC1FB8176600818858 /* AudioPlayerNavigationController.swift */; };
		4671779B1FB84ECE005863D0 /* HostsController.swift in Sources */ = {isa = PBXBuildFile; fileRef = 4671779A1FB84ECE005863D0 /* HostsController.swift */; };
		4671779E1FB854A5005863D0 /* HostCell.swift in Sources */ = {isa = PBXBuildFile; fileRef = 4671779C1FB854A5005863D0 /* HostCell.swift */; };
		4671779F1FB854A5005863D0 /* HostCell.xib in Resources */ = {isa = PBXBuildFile; fileRef = 4671779D1FB854A5005863D0 /* HostCell.xib */; };
		467177A11FB85ACC005863D0 /* MPSession.swift in Sources */ = {isa = PBXBuildFile; fileRef = 467177A01FB85ACC005863D0 /* MPSession.swift */; };
/* End PBXBuildFile section */

/* Begin PBXFileReference section */
		46314EB01FB7797400818858 /* SurroundSound.app */ = {isa = PBXFileReference; explicitFileType = wrapper.application; includeInIndex = 0; path = SurroundSound.app; sourceTree = BUILT_PRODUCTS_DIR; };
		46314EB31FB7797400818858 /* AppDelegate.swift */ = {isa = PBXFileReference; lastKnownFileType = sourcecode.swift; path = AppDelegate.swift; sourceTree = "<group>"; };
		46314EB81FB7797500818858 /* Base */ = {isa = PBXFileReference; lastKnownFileType = file.storyboard; name = Base; path = Base.lproj/Main.storyboard; sourceTree = "<group>"; };
		46314EBA1FB7797500818858 /* Assets.xcassets */ = {isa = PBXFileReference; lastKnownFileType = folder.assetcatalog; path = Assets.xcassets; sourceTree = "<group>"; };
		46314EBD1FB7797500818858 /* Base */ = {isa = PBXFileReference; lastKnownFileType = file.storyboard; name = Base; path = Base.lproj/LaunchScreen.storyboard; sourceTree = "<group>"; };
		46314EBF1FB7797500818858 /* Info.plist */ = {isa = PBXFileReference; lastKnownFileType = text.plist.xml; path = Info.plist; sourceTree = "<group>"; };
		46314EC91FB787F300818858 /* AudioPlayerController.swift */ = {isa = PBXFileReference; lastKnownFileType = sourcecode.swift; path = AudioPlayerController.swift; sourceTree = "<group>"; };
		46314ECB1FB7ADA900818858 /* AudioLibraryController.swift */ = {isa = PBXFileReference; lastKnownFileType = sourcecode.swift; path = AudioLibraryController.swift; sourceTree = "<group>"; };
		46314ECE1FB7AF8D00818858 /* UITableView+Extension.swift */ = {isa = PBXFileReference; lastKnownFileType = sourcecode.swift; path = "UITableView+Extension.swift"; sourceTree = "<group>"; };
		46314ED01FB7AFAC00818858 /* NSObject+Extension.swift */ = {isa = PBXFileReference; lastKnownFileType = sourcecode.swift; path = "NSObject+Extension.swift"; sourceTree = "<group>"; };
		46314ED41FB7B0B800818858 /* AudioListCell.swift */ = {isa = PBXFileReference; lastKnownFileType = sourcecode.swift; path = AudioListCell.swift; sourceTree = "<group>"; };
		46314ED51FB7B0B800818858 /* AudioListCell.xib */ = {isa = PBXFileReference; lastKnownFileType = file.xib; path = AudioListCell.xib; sourceTree = "<group>"; };
		46314ED81FB7B94000818858 /* AudioListController.swift */ = {isa = PBXFileReference; lastKnownFileType = sourcecode.swift; path = AudioListController.swift; sourceTree = "<group>"; };
		46314EDA1FB7E85F00818858 /* AudioListNavigationController.swift */ = {isa = PBXFileReference; lastKnownFileType = sourcecode.swift; path = AudioListNavigationController.swift; sourceTree = "<group>"; };
		46314EDC1FB8176600818858 /* AudioPlayerNavigationController.swift */ = {isa = PBXFileReference; lastKnownFileType = sourcecode.swift; path = AudioPlayerNavigationController.swift; sourceTree = "<group>"; };
		4671779A1FB84ECE005863D0 /* HostsController.swift */ = {isa = PBXFileReference; lastKnownFileType = sourcecode.swift; path = HostsController.swift; sourceTree = "<group>"; };
		4671779C1FB854A5005863D0 /* HostCell.swift */ = {isa = PBXFileReference; lastKnownFileType = sourcecode.swift; path = HostCell.swift; sourceTree = "<group>"; };
		4671779D1FB854A5005863D0 /* HostCell.xib */ = {isa = PBXFileReference; lastKnownFileType = file.xib; path = HostCell.xib; sourceTree = "<group>"; };
		467177A01FB85ACC005863D0 /* MPSession.swift */ = {isa = PBXFileReference; lastKnownFileType = sourcecode.swift; path = MPSession.swift; sourceTree = "<group>"; };
		514469F03639D1CB1F4AD3C5 /* Pods-SurroundSound.debug.xcconfig */ = {isa = PBXFileReference; includeInIndex = 1; lastKnownFileType = text.xcconfig; name = "Pods-SurroundSound.debug.xcconfig"; path = "Pods/Target Support Files/Pods-SurroundSound/Pods-SurroundSound.debug.xcconfig"; sourceTree = "<group>"; };
		891E772FABFCC8F42176767D /* Pods_SurroundSound.framework */ = {isa = PBXFileReference; explicitFileType = wrapper.framework; includeInIndex = 0; path = Pods_SurroundSound.framework; sourceTree = BUILT_PRODUCTS_DIR; };
		A28E87D473CB9E748A062ECD /* Pods-SurroundSound.release.xcconfig */ = {isa = PBXFileReference; includeInIndex = 1; lastKnownFileType = text.xcconfig; name = "Pods-SurroundSound.release.xcconfig"; path = "Pods/Target Support Files/Pods-SurroundSound/Pods-SurroundSound.release.xcconfig"; sourceTree = "<group>"; };
/* End PBXFileReference section */

/* Begin PBXFrameworksBuildPhase section */
		46314EAD1FB7797400818858 /* Frameworks */ = {
			isa = PBXFrameworksBuildPhase;
			buildActionMask = 2147483647;
			files = (
				315DF35C9C4A3F35E3A8962E /* Pods_SurroundSound.framework in Frameworks */,
			);
			runOnlyForDeploymentPostprocessing = 0;
		};
/* End PBXFrameworksBuildPhase section */

/* Begin PBXGroup section */
		46314EA71FB7797400818858 = {
			isa = PBXGroup;
			children = (
				46314EB21FB7797400818858 /* SurroundSound */,
				46314EB11FB7797400818858 /* Products */,
				A09F0EBC8B27BAA271773DC7 /* Pods */,
				632C7F5B8DD75718A3158333 /* Frameworks */,
			);
			sourceTree = "<group>";
		};
		46314EB11FB7797400818858 /* Products */ = {
			isa = PBXGroup;
			children = (
				46314EB01FB7797400818858 /* SurroundSound.app */,
			);
			name = Products;
			sourceTree = "<group>";
		};
		46314EB21FB7797400818858 /* SurroundSound */ = {
			isa = PBXGroup;
			children = (
				46314ECD1FB7AF5D00818858 /* Extensions */,
				46314EC81FB779D300818858 /* MPConnectivity */,
				46314EC71FB779CA00818858 /* Models */,
				46314EC61FB779C200818858 /* Views */,
				46314EC51FB779BB00818858 /* View Controllers */,
				46314EB31FB7797400818858 /* AppDelegate.swift */,
				46314EB71FB7797500818858 /* Main.storyboard */,
				46314EBA1FB7797500818858 /* Assets.xcassets */,
				46314EBC1FB7797500818858 /* LaunchScreen.storyboard */,
				46314EBF1FB7797500818858 /* Info.plist */,
			);
			path = SurroundSound;
			sourceTree = "<group>";
		};
		46314EC51FB779BB00818858 /* View Controllers */ = {
			isa = PBXGroup;
			children = (
				46314EC91FB787F300818858 /* AudioPlayerController.swift */,
				46314ECB1FB7ADA900818858 /* AudioLibraryController.swift */,
				46314ED81FB7B94000818858 /* AudioListController.swift */,
				46314EDA1FB7E85F00818858 /* AudioListNavigationController.swift */,
				46314EDC1FB8176600818858 /* AudioPlayerNavigationController.swift */,
				4671779A1FB84ECE005863D0 /* HostsController.swift */,
			);
			path = "View Controllers";
			sourceTree = "<group>";
		};
		46314EC61FB779C200818858 /* Views */ = {
			isa = PBXGroup;
			children = (
				46314ED41FB7B0B800818858 /* AudioListCell.swift */,
				46314ED51FB7B0B800818858 /* AudioListCell.xib */,
				4671779C1FB854A5005863D0 /* HostCell.swift */,
				4671779D1FB854A5005863D0 /* HostCell.xib */,
			);
			path = Views;
			sourceTree = "<group>";
		};
		46314EC71FB779CA00818858 /* Models */ = {
			isa = PBXGroup;
			children = (
			);
			path = Models;
			sourceTree = "<group>";
		};
		46314EC81FB779D300818858 /* MPConnectivity */ = {
			isa = PBXGroup;
			children = (
				467177A01FB85ACC005863D0 /* MPSession.swift */,
			);
			path = MPConnectivity;
			sourceTree = "<group>";
		};
		46314ECD1FB7AF5D00818858 /* Extensions */ = {
			isa = PBXGroup;
			children = (
				46314ECE1FB7AF8D00818858 /* UITableView+Extension.swift */,
				46314ED01FB7AFAC00818858 /* NSObject+Extension.swift */,
			);
			path = Extensions;
			sourceTree = "<group>";
		};
		632C7F5B8DD75718A3158333 /* Frameworks */ = {
			isa = PBXGroup;
			children = (
				891E772FABFCC8F42176767D /* Pods_SurroundSound.framework */,
			);
			name = Frameworks;
			sourceTree = "<group>";
		};
		A09F0EBC8B27BAA271773DC7 /* Pods */ = {
			isa = PBXGroup;
			children = (
				514469F03639D1CB1F4AD3C5 /* Pods-SurroundSound.debug.xcconfig */,
				A28E87D473CB9E748A062ECD /* Pods-SurroundSound.release.xcconfig */,
			);
			name = Pods;
			sourceTree = "<group>";
		};
/* End PBXGroup section */

/* Begin PBXNativeTarget section */
		46314EAF1FB7797400818858 /* SurroundSound */ = {
			isa = PBXNativeTarget;
			buildConfigurationList = 46314EC21FB7797500818858 /* Build configuration list for PBXNativeTarget "SurroundSound" */;
			buildPhases = (
				45D62DF40784F2728951AF17 /* [CP] Check Pods Manifest.lock */,
				46314EAC1FB7797400818858 /* Sources */,
				46314EAD1FB7797400818858 /* Frameworks */,
				46314EAE1FB7797400818858 /* Resources */,
				5347BD03236CE9CAE784FDDD /* [CP] Embed Pods Frameworks */,
				26F21D030753830BD3F1C593 /* [CP] Copy Pods Resources */,
			);
			buildRules = (
			);
			dependencies = (
			);
			name = SurroundSound;
			productName = SurroundSound;
			productReference = 46314EB01FB7797400818858 /* SurroundSound.app */;
			productType = "com.apple.product-type.application";
		};
/* End PBXNativeTarget section */

/* Begin PBXProject section */
		46314EA81FB7797400818858 /* Project object */ = {
			isa = PBXProject;
			attributes = {
				LastSwiftUpdateCheck = 0900;
				LastUpgradeCheck = 0900;
				ORGANIZATIONNAME = "Ryuji Mano";
				TargetAttributes = {
					46314EAF1FB7797400818858 = {
						CreatedOnToolsVersion = 9.0;
						ProvisioningStyle = Automatic;
					};
				};
			};
			buildConfigurationList = 46314EAB1FB7797400818858 /* Build configuration list for PBXProject "SurroundSound" */;
			compatibilityVersion = "Xcode 8.0";
			developmentRegion = en;
			hasScannedForEncodings = 0;
			knownRegions = (
				en,
				Base,
			);
			mainGroup = 46314EA71FB7797400818858;
			productRefGroup = 46314EB11FB7797400818858 /* Products */;
			projectDirPath = "";
			projectRoot = "";
			targets = (
				46314EAF1FB7797400818858 /* SurroundSound */,
			);
		};
/* End PBXProject section */

/* Begin PBXResourcesBuildPhase section */
		46314EAE1FB7797400818858 /* Resources */ = {
			isa = PBXResourcesBuildPhase;
			buildActionMask = 2147483647;
			files = (
				46314ED71FB7B0B800818858 /* AudioListCell.xib in Resources */,
				46314EBE1FB7797500818858 /* LaunchScreen.storyboard in Resources */,
				46314EBB1FB7797500818858 /* Assets.xcassets in Resources */,
				4671779F1FB854A5005863D0 /* HostCell.xib in Resources */,
				46314EB91FB7797500818858 /* Main.storyboard in Resources */,
			);
			runOnlyForDeploymentPostprocessing = 0;
		};
/* End PBXResourcesBuildPhase section */

/* Begin PBXShellScriptBuildPhase section */
		26F21D030753830BD3F1C593 /* [CP] Copy Pods Resources */ = {
			isa = PBXShellScriptBuildPhase;
			buildActionMask = 2147483647;
			files = (
			);
			inputPaths = (
			);
			name = "[CP] Copy Pods Resources";
			outputPaths = (
			);
			runOnlyForDeploymentPostprocessing = 0;
			shellPath = /bin/sh;
			shellScript = "\"${SRCROOT}/Pods/Target Support Files/Pods-SurroundSound/Pods-SurroundSound-resources.sh\"\n";
			showEnvVarsInLog = 0;
		};
		45D62DF40784F2728951AF17 /* [CP] Check Pods Manifest.lock */ = {
			isa = PBXShellScriptBuildPhase;
			buildActionMask = 2147483647;
			files = (
			);
			inputPaths = (
				"${PODS_PODFILE_DIR_PATH}/Podfile.lock",
				"${PODS_ROOT}/Manifest.lock",
			);
			name = "[CP] Check Pods Manifest.lock";
			outputPaths = (
				"$(DERIVED_FILE_DIR)/Pods-SurroundSound-checkManifestLockResult.txt",
			);
			runOnlyForDeploymentPostprocessing = 0;
			shellPath = /bin/sh;
			shellScript = "diff \"${PODS_PODFILE_DIR_PATH}/Podfile.lock\" \"${PODS_ROOT}/Manifest.lock\" > /dev/null\nif [ $? != 0 ] ; then\n    # print error to STDERR\n    echo \"error: The sandbox is not in sync with the Podfile.lock. Run 'pod install' or update your CocoaPods installation.\" >&2\n    exit 1\nfi\n# This output is used by Xcode 'outputs' to avoid re-running this script phase.\necho \"SUCCESS\" > \"${SCRIPT_OUTPUT_FILE_0}\"\n";
			showEnvVarsInLog = 0;
		};
		5347BD03236CE9CAE784FDDD /* [CP] Embed Pods Frameworks */ = {
			isa = PBXShellScriptBuildPhase;
			buildActionMask = 2147483647;
			files = (
			);
			inputPaths = (
				"${SRCROOT}/Pods/Target Support Files/Pods-SurroundSound/Pods-SurroundSound-frameworks.sh",
				"${BUILT_PRODUCTS_DIR}/DZNEmptyDataSet/DZNEmptyDataSet.framework",
				"${BUILT_PRODUCTS_DIR}/FontAwesomeKit/FontAwesomeKit.framework",
			);
			name = "[CP] Embed Pods Frameworks";
			outputPaths = (
				"${TARGET_BUILD_DIR}/${FRAMEWORKS_FOLDER_PATH}/DZNEmptyDataSet.framework",
				"${TARGET_BUILD_DIR}/${FRAMEWORKS_FOLDER_PATH}/FontAwesomeKit.framework",
			);
			runOnlyForDeploymentPostprocessing = 0;
			shellPath = /bin/sh;
			shellScript = "\"${SRCROOT}/Pods/Target Support Files/Pods-SurroundSound/Pods-SurroundSound-frameworks.sh\"\n";
			showEnvVarsInLog = 0;
		};
/* End PBXShellScriptBuildPhase section */

/* Begin PBXSourcesBuildPhase section */
		46314EAC1FB7797400818858 /* Sources */ = {
			isa = PBXSourcesBuildPhase;
			buildActionMask = 2147483647;
			files = (
				46314EDB1FB7E85F00818858 /* AudioListNavigationController.swift in Sources */,
				4671779B1FB84ECE005863D0 /* HostsController.swift in Sources */,
				46314ED61FB7B0B800818858 /* AudioListCell.swift in Sources */,
				467177A11FB85ACC005863D0 /* MPSession.swift in Sources */,
				46314ED11FB7AFAC00818858 /* NSObject+Extension.swift in Sources */,
				46314ED91FB7B94000818858 /* AudioListController.swift in Sources */,
				46314EDD1FB8176700818858 /* AudioPlayerNavigationController.swift in Sources */,
				46314EB41FB7797400818858 /* AppDelegate.swift in Sources */,
				46314ECC1FB7ADA900818858 /* AudioLibraryController.swift in Sources */,
				46314ECA1FB787F300818858 /* AudioPlayerController.swift in Sources */,
				46314ECF1FB7AF8D00818858 /* UITableView+Extension.swift in Sources */,
				4671779E1FB854A5005863D0 /* HostCell.swift in Sources */,
			);
			runOnlyForDeploymentPostprocessing = 0;
		};
/* End PBXSourcesBuildPhase section */

/* Begin PBXVariantGroup section */
		46314EB71FB7797500818858 /* Main.storyboard */ = {
			isa = PBXVariantGroup;
			children = (
				46314EB81FB7797500818858 /* Base */,
			);
			name = Main.storyboard;
			sourceTree = "<group>";
		};
		46314EBC1FB7797500818858 /* LaunchScreen.storyboard */ = {
			isa = PBXVariantGroup;
			children = (
				46314EBD1FB7797500818858 /* Base */,
			);
			name = LaunchScreen.storyboard;
			sourceTree = "<group>";
		};
/* End PBXVariantGroup section */

/* Begin XCBuildConfiguration section */
		46314EC01FB7797500818858 /* Debug */ = {
			isa = XCBuildConfiguration;
			buildSettings = {
				ALWAYS_SEARCH_USER_PATHS = NO;
				CLANG_ANALYZER_NONNULL = YES;
				CLANG_ANALYZER_NUMBER_OBJECT_CONVERSION = YES_AGGRESSIVE;
				CLANG_CXX_LANGUAGE_STANDARD = "gnu++14";
				CLANG_CXX_LIBRARY = "libc++";
				CLANG_ENABLE_MODULES = YES;
				CLANG_ENABLE_OBJC_ARC = YES;
				CLANG_WARN_BLOCK_CAPTURE_AUTORELEASING = YES;
				CLANG_WARN_BOOL_CONVERSION = YES;
				CLANG_WARN_COMMA = YES;
				CLANG_WARN_CONSTANT_CONVERSION = YES;
				CLANG_WARN_DIRECT_OBJC_ISA_USAGE = YES_ERROR;
				CLANG_WARN_DOCUMENTATION_COMMENTS = YES;
				CLANG_WARN_EMPTY_BODY = YES;
				CLANG_WARN_ENUM_CONVERSION = YES;
				CLANG_WARN_INFINITE_RECURSION = YES;
				CLANG_WARN_INT_CONVERSION = YES;
				CLANG_WARN_NON_LITERAL_NULL_CONVERSION = YES;
				CLANG_WARN_OBJC_LITERAL_CONVERSION = YES;
				CLANG_WARN_OBJC_ROOT_CLASS = YES_ERROR;
				CLANG_WARN_RANGE_LOOP_ANALYSIS = YES;
				CLANG_WARN_STRICT_PROTOTYPES = YES;
				CLANG_WARN_SUSPICIOUS_MOVE = YES;
				CLANG_WARN_UNGUARDED_AVAILABILITY = YES_AGGRESSIVE;
				CLANG_WARN_UNREACHABLE_CODE = YES;
				CLANG_WARN__DUPLICATE_METHOD_MATCH = YES;
				CODE_SIGN_IDENTITY = "iPhone Developer";
				COPY_PHASE_STRIP = NO;
				DEBUG_INFORMATION_FORMAT = dwarf;
				ENABLE_STRICT_OBJC_MSGSEND = YES;
				ENABLE_TESTABILITY = YES;
				GCC_C_LANGUAGE_STANDARD = gnu11;
				GCC_DYNAMIC_NO_PIC = NO;
				GCC_NO_COMMON_BLOCKS = YES;
				GCC_OPTIMIZATION_LEVEL = 0;
				GCC_PREPROCESSOR_DEFINITIONS = (
					"DEBUG=1",
					"$(inherited)",
				);
				GCC_WARN_64_TO_32_BIT_CONVERSION = YES;
				GCC_WARN_ABOUT_RETURN_TYPE = YES_ERROR;
				GCC_WARN_UNDECLARED_SELECTOR = YES;
				GCC_WARN_UNINITIALIZED_AUTOS = YES_AGGRESSIVE;
				GCC_WARN_UNUSED_FUNCTION = YES;
				GCC_WARN_UNUSED_VARIABLE = YES;
				IPHONEOS_DEPLOYMENT_TARGET = 11.0;
				MTL_ENABLE_DEBUG_INFO = YES;
				ONLY_ACTIVE_ARCH = YES;
				SDKROOT = iphoneos;
				SWIFT_ACTIVE_COMPILATION_CONDITIONS = DEBUG;
				SWIFT_OPTIMIZATION_LEVEL = "-Onone";
			};
			name = Debug;
		};
		46314EC11FB7797500818858 /* Release */ = {
			isa = XCBuildConfiguration;
			buildSettings = {
				ALWAYS_SEARCH_USER_PATHS = NO;
				CLANG_ANALYZER_NONNULL = YES;
				CLANG_ANALYZER_NUMBER_OBJECT_CONVERSION = YES_AGGRESSIVE;
				CLANG_CXX_LANGUAGE_STANDARD = "gnu++14";
				CLANG_CXX_LIBRARY = "libc++";
				CLANG_ENABLE_MODULES = YES;
				CLANG_ENABLE_OBJC_ARC = YES;
				CLANG_WARN_BLOCK_CAPTURE_AUTORELEASING = YES;
				CLANG_WARN_BOOL_CONVERSION = YES;
				CLANG_WARN_COMMA = YES;
				CLANG_WARN_CONSTANT_CONVERSION = YES;
				CLANG_WARN_DIRECT_OBJC_ISA_USAGE = YES_ERROR;
				CLANG_WARN_DOCUMENTATION_COMMENTS = YES;
				CLANG_WARN_EMPTY_BODY = YES;
				CLANG_WARN_ENUM_CONVERSION = YES;
				CLANG_WARN_INFINITE_RECURSION = YES;
				CLANG_WARN_INT_CONVERSION = YES;
				CLANG_WARN_NON_LITERAL_NULL_CONVERSION = YES;
				CLANG_WARN_OBJC_LITERAL_CONVERSION = YES;
				CLANG_WARN_OBJC_ROOT_CLASS = YES_ERROR;
				CLANG_WARN_RANGE_LOOP_ANALYSIS = YES;
				CLANG_WARN_STRICT_PROTOTYPES = YES;
				CLANG_WARN_SUSPICIOUS_MOVE = YES;
				CLANG_WARN_UNGUARDED_AVAILABILITY = YES_AGGRESSIVE;
				CLANG_WARN_UNREACHABLE_CODE = YES;
				CLANG_WARN__DUPLICATE_METHOD_MATCH = YES;
				CODE_SIGN_IDENTITY = "iPhone Developer";
				COPY_PHASE_STRIP = NO;
				DEBUG_INFORMATION_FORMAT = "dwarf-with-dsym";
				ENABLE_NS_ASSERTIONS = NO;
				ENABLE_STRICT_OBJC_MSGSEND = YES;
				GCC_C_LANGUAGE_STANDARD = gnu11;
				GCC_NO_COMMON_BLOCKS = YES;
				GCC_WARN_64_TO_32_BIT_CONVERSION = YES;
				GCC_WARN_ABOUT_RETURN_TYPE = YES_ERROR;
				GCC_WARN_UNDECLARED_SELECTOR = YES;
				GCC_WARN_UNINITIALIZED_AUTOS = YES_AGGRESSIVE;
				GCC_WARN_UNUSED_FUNCTION = YES;
				GCC_WARN_UNUSED_VARIABLE = YES;
				IPHONEOS_DEPLOYMENT_TARGET = 11.0;
				MTL_ENABLE_DEBUG_INFO = NO;
				SDKROOT = iphoneos;
				SWIFT_OPTIMIZATION_LEVEL = "-Owholemodule";
				VALIDATE_PRODUCT = YES;
			};
			name = Release;
		};
		46314EC31FB7797500818858 /* Debug */ = {
			isa = XCBuildConfiguration;
			baseConfigurationReference = 514469F03639D1CB1F4AD3C5 /* Pods-SurroundSound.debug.xcconfig */;
			buildSettings = {
				ASSETCATALOG_COMPILER_APPICON_NAME = AppIcon;
				CODE_SIGN_STYLE = Automatic;
				DEVELOPMENT_TEAM = 8A4H2873BE;
				INFOPLIST_FILE = SurroundSound/Info.plist;
				LD_RUNPATH_SEARCH_PATHS = "$(inherited) @executable_path/Frameworks";
				PRODUCT_BUNDLE_IDENTIFIER = com.ryujimano.SurroundSound;
				PRODUCT_NAME = "$(TARGET_NAME)";
				SWIFT_VERSION = 4.0;
				TARGETED_DEVICE_FAMILY = "1,2";
			};
			name = Debug;
		};
		46314EC41FB7797500818858 /* Release */ = {
			isa = XCBuildConfiguration;
			baseConfigurationReference = A28E87D473CB9E748A062ECD /* Pods-SurroundSound.release.xcconfig */;
			buildSettings = {
				ASSETCATALOG_COMPILER_APPICON_NAME = AppIcon;
				CODE_SIGN_STYLE = Automatic;
				DEVELOPMENT_TEAM = 8A4H2873BE;
				INFOPLIST_FILE = SurroundSound/Info.plist;
				LD_RUNPATH_SEARCH_PATHS = "$(inherited) @executable_path/Frameworks";
				PRODUCT_BUNDLE_IDENTIFIER = com.ryujimano.SurroundSound;
				PRODUCT_NAME = "$(TARGET_NAME)";
				SWIFT_VERSION = 4.0;
				TARGETED_DEVICE_FAMILY = "1,2";
			};
			name = Release;
		};
/* End XCBuildConfiguration section */

/* Begin XCConfigurationList section */
		46314EAB1FB7797400818858 /* Build configuration list for PBXProject "SurroundSound" */ = {
			isa = XCConfigurationList;
			buildConfigurations = (
				46314EC01FB7797500818858 /* Debug */,
				46314EC11FB7797500818858 /* Release */,
			);
			defaultConfigurationIsVisible = 0;
			defaultConfigurationName = Release;
		};
		46314EC21FB7797500818858 /* Build configuration list for PBXNativeTarget "SurroundSound" */ = {
			isa = XCConfigurationList;
			buildConfigurations = (
				46314EC31FB7797500818858 /* Debug */,
				46314EC41FB7797500818858 /* Release */,
			);
			defaultConfigurationIsVisible = 0;
			defaultConfigurationName = Release;
		};
/* End XCConfigurationList section */
	};
	rootObject = 46314EA81FB7797400818858 /* Project object */;
}
